
Microsoft Visual Studio Solution File, Format Version 12.00
# Visual Studio Version 17
VisualStudioVersion = 17.13.35828.75
MinimumVisualStudioVersion = 10.0.40219.1
Project("{FAE04EC0-301F-11D3-BF4B-00C04F79EFBC}") = "SPT-Management System Console App", "SPT-Management System Console App\SPT-Management System Console App.csproj", "{9E57D73F-86FD-4D9A-8624-2F8A21574FF8}"
EndProject
Project("{FAE04EC0-301F-11D3-BF4B-00C04F79EFBC}") = "SPT-API", "SPT-API\SPT-API.csproj", "{FE82A8E4-BCC9-4839-88C0-A10DCB2CF44E}"
EndProject
Project("{FAE04EC0-301F-11D3-BF4B-00C04F79EFBC}") = "BlazorSPTAuto", "BlazorSPT\BlazorSPT\BlazorSPTAuto.csproj", "{A2B7261D-0E79-4E0E-AD1B-4D06345E138B}"
EndProject
Project("{FAE04EC0-301F-11D3-BF4B-00C04F79EFBC}") = "BlazorSPTAuto.Client", "BlazorSPT\BlazorSPT.Client\BlazorSPTAuto.Client.csproj", "{7FAF2416-0199-4C6D-9B2E-A9BC9FF19203}"
EndProject
Project("{FAE04EC0-301F-11D3-BF4B-00C04F79EFBC}") = "BlazorSPTServerSideTest", "BlazorSPTServerSide\BlazorSPTServerSideTest.csproj", "{3E0EC599-BCB1-451D-8430-A9FE04033325}"
EndProject
Global
	GlobalSection(SolutionConfigurationPlatforms) = preSolution
		Debug|Any CPU = Debug|Any CPU
		Release|Any CPU = Release|Any CPU
	EndGlobalSection
	GlobalSection(ProjectConfigurationPlatforms) = postSolution
		{9E57D73F-86FD-4D9A-8624-2F8A21574FF8}.Debug|Any CPU.ActiveCfg = Debug|Any CPU
		{9E57D73F-86FD-4D9A-8624-2F8A21574FF8}.Debug|Any CPU.Build.0 = Debug|Any CPU
		{9E57D73F-86FD-4D9A-8624-2F8A21574FF8}.Release|Any CPU.ActiveCfg = Release|Any CPU
		{9E57D73F-86FD-4D9A-8624-2F8A21574FF8}.Release|Any CPU.Build.0 = Release|Any CPU
		{FE82A8E4-BCC9-4839-88C0-A10DCB2CF44E}.Debug|Any CPU.ActiveCfg = Debug|Any CPU
		{FE82A8E4-BCC9-4839-88C0-A10DCB2CF44E}.Debug|Any CPU.Build.0 = Debug|Any CPU
		{FE82A8E4-BCC9-4839-88C0-A10DCB2CF44E}.Release|Any CPU.ActiveCfg = Release|Any CPU
		{FE82A8E4-BCC9-4839-88C0-A10DCB2CF44E}.Release|Any CPU.Build.0 = Release|Any CPU
		{A2B7261D-0E79-4E0E-AD1B-4D06345E138B}.Debug|Any CPU.ActiveCfg = Debug|Any CPU
		{A2B7261D-0E79-4E0E-AD1B-4D06345E138B}.Debug|Any CPU.Build.0 = Debug|Any CPU
		{A2B7261D-0E79-4E0E-AD1B-4D06345E138B}.Release|Any CPU.ActiveCfg = Release|Any CPU
		{A2B7261D-0E79-4E0E-AD1B-4D06345E138B}.Release|Any CPU.Build.0 = Release|Any CPU
		{7FAF2416-0199-4C6D-9B2E-A9BC9FF19203}.Debug|Any CPU.ActiveCfg = Debug|Any CPU
		{7FAF2416-0199-4C6D-9B2E-A9BC9FF19203}.Debug|Any CPU.Build.0 = Debug|Any CPU
		{7FAF2416-0199-4C6D-9B2E-A9BC9FF19203}.Release|Any CPU.ActiveCfg = Release|Any CPU
		{7FAF2416-0199-4C6D-9B2E-A9BC9FF19203}.Release|Any CPU.Build.0 = Release|Any CPU
		{3E0EC599-BCB1-451D-8430-A9FE04033325}.Debug|Any CPU.ActiveCfg = Debug|Any CPU
		{3E0EC599-BCB1-451D-8430-A9FE04033325}.Debug|Any CPU.Build.0 = Debug|Any CPU
		{3E0EC599-BCB1-451D-8430-A9FE04033325}.Release|Any CPU.ActiveCfg = Release|Any CPU
		{3E0EC599-BCB1-451D-8430-A9FE04033325}.Release|Any CPU.Build.0 = Release|Any CPU
	EndGlobalSection
	GlobalSection(SolutionProperties) = preSolution
		HideSolutionNode = FALSE
	EndGlobalSection
	GlobalSection(ExtensibilityGlobals) = postSolution
		SolutionGuid = {41D031AA-9EB7-4737-907B-B88FE5360782}
	EndGlobalSection
EndGlobal
